
Microsoft Visual Studio Solution File, Format Version 12.00
# Visual Studio Version 16
VisualStudioVersion = 16.0.32106.194
MinimumVisualStudioVersion = 10.0.40219.1
Project("{FAE04EC0-301F-11D3-BF4B-00C04F79EFBC}") = "TP1-Generador de numeros pseudoaleatoreos", "TP1-Generador de numeros pseudoaleatoreos\TP1-Generador de numeros pseudoaleatoreos.csproj", "{F14B212A-C280-4D92-A625-4F51537F4870}"
EndProject
Global
	GlobalSection(SolutionConfigurationPlatforms) = preSolution
		Debug|Any CPU = Debug|Any CPU
		Release|Any CPU = Release|Any CPU
	EndGlobalSection
	GlobalSection(ProjectConfigurationPlatforms) = postSolution
		{F14B212A-C280-4D92-A625-4F51537F4870}.Debug|Any CPU.ActiveCfg = Debug|Any CPU
		{F14B212A-C280-4D92-A625-4F51537F4870}.Debug|Any CPU.Build.0 = Debug|Any CPU
		{F14B212A-C280-4D92-A625-4F51537F4870}.Release|Any CPU.ActiveCfg = Release|Any CPU
		{F14B212A-C280-4D92-A625-4F51537F4870}.Release|Any CPU.Build.0 = Release|Any CPU
	EndGlobalSection
	GlobalSection(SolutionProperties) = preSolution
		HideSolutionNode = FALSE
	EndGlobalSection
	GlobalSection(ExtensibilityGlobals) = postSolution
		SolutionGuid = {E9F69ECC-F357-4F2E-B771-CD677AC76287}
	EndGlobalSection
EndGlobal
